
Microsoft Visual Studio Solution File, Format Version 12.00
# Visual Studio Version 17
VisualStudioVersion = 17.10.35027.167
MinimumVisualStudioVersion = 10.0.40219.1
Project("{FAE04EC0-301F-11D3-BF4B-00C04F79EFBC}") = "OnekoSharp", "OnekoSharp\OnekoSharp.csproj", "{4BB37BE3-310D-4383-8C58-0C9134E1E78E}"
EndProject
Global
	GlobalSection(SolutionConfigurationPlatforms) = preSolution
		Debug|Any CPU = Debug|Any CPU
		Release|Any CPU = Release|Any CPU
	EndGlobalSection
	GlobalSection(ProjectConfigurationPlatforms) = postSolution
		{4BB37BE3-310D-4383-8C58-0C9134E1E78E}.Debug|Any CPU.ActiveCfg = Debug|Any CPU
		{4BB37BE3-310D-4383-8C58-0C9134E1E78E}.Debug|Any CPU.Build.0 = Debug|Any CPU
		{4BB37BE3-310D-4383-8C58-0C9134E1E78E}.Release|Any CPU.ActiveCfg = Release|Any CPU
		{4BB37BE3-310D-4383-8C58-0C9134E1E78E}.Release|Any CPU.Build.0 = Release|Any CPU
	EndGlobalSection
	GlobalSection(SolutionProperties) = preSolution
		HideSolutionNode = FALSE
	EndGlobalSection
	GlobalSection(ExtensibilityGlobals) = postSolution
		SolutionGuid = {D1F86EB1-15B3-4116-AC1D-2710A49D37A4}
	EndGlobalSection
EndGlobal
